
Microsoft Visual Studio Solution File, Format Version 12.00
# Visual Studio Version 17
VisualStudioVersion = 17.1.32210.238
MinimumVisualStudioVersion = 10.0.40219.1
Project("{FAE04EC0-301F-11D3-BF4B-00C04F79EFBC}") = "Spotify11", "Spotify11\Spotify11.csproj", "{00CAE2DB-787D-45D4-B460-4E2B61E4362C}"
EndProject
Global
	GlobalSection(SolutionConfigurationPlatforms) = preSolution
		Debug|Any CPU = Debug|Any CPU
		Release|Any CPU = Release|Any CPU
	EndGlobalSection
	GlobalSection(ProjectConfigurationPlatforms) = postSolution
		{00CAE2DB-787D-45D4-B460-4E2B61E4362C}.Debug|Any CPU.ActiveCfg = Debug|Any CPU
		{00CAE2DB-787D-45D4-B460-4E2B61E4362C}.Debug|Any CPU.Build.0 = Debug|Any CPU
		{00CAE2DB-787D-45D4-B460-4E2B61E4362C}.Release|Any CPU.ActiveCfg = Release|Any CPU
		{00CAE2DB-787D-45D4-B460-4E2B61E4362C}.Release|Any CPU.Build.0 = Release|Any CPU
	EndGlobalSection
	GlobalSection(SolutionProperties) = preSolution
		HideSolutionNode = FALSE
	EndGlobalSection
	GlobalSection(ExtensibilityGlobals) = postSolution
		SolutionGuid = {E06299ED-D895-4286-BD24-7ECF381E7F06}
	EndGlobalSection
EndGlobal
